
Microsoft Visual Studio Solution File, Format Version 12.00
# Visual Studio Version 17
VisualStudioVersion = 17.5.33530.505
MinimumVisualStudioVersion = 10.0.40219.1
Project("{FAE04EC0-301F-11D3-BF4B-00C04F79EFBC}") = "ToDoList.WebApplication", "ToDoList.WebApplication\ToDoList.WebApplication.csproj", "{66296F2A-98B1-497C-BEEA-5595BE2ADC38}"
EndProject
Project("{FAE04EC0-301F-11D3-BF4B-00C04F79EFBC}") = "ToDoList.DataAccess", "ToDoList.DataAccess\ToDoList.DataAccess.csproj", "{236B66FD-524F-4582-B920-C4B6A6BCAF71}"
EndProject
Global
	GlobalSection(SolutionConfigurationPlatforms) = preSolution
		Debug|Any CPU = Debug|Any CPU
		Release|Any CPU = Release|Any CPU
	EndGlobalSection
	GlobalSection(ProjectConfigurationPlatforms) = postSolution
		{66296F2A-98B1-497C-BEEA-5595BE2ADC38}.Debug|Any CPU.ActiveCfg = Debug|Any CPU
		{66296F2A-98B1-497C-BEEA-5595BE2ADC38}.Debug|Any CPU.Build.0 = Debug|Any CPU
		{66296F2A-98B1-497C-BEEA-5595BE2ADC38}.Release|Any CPU.ActiveCfg = Release|Any CPU
		{66296F2A-98B1-497C-BEEA-5595BE2ADC38}.Release|Any CPU.Build.0 = Release|Any CPU
		{236B66FD-524F-4582-B920-C4B6A6BCAF71}.Debug|Any CPU.ActiveCfg = Debug|Any CPU
		{236B66FD-524F-4582-B920-C4B6A6BCAF71}.Debug|Any CPU.Build.0 = Debug|Any CPU
		{236B66FD-524F-4582-B920-C4B6A6BCAF71}.Release|Any CPU.ActiveCfg = Release|Any CPU
		{236B66FD-524F-4582-B920-C4B6A6BCAF71}.Release|Any CPU.Build.0 = Release|Any CPU
	EndGlobalSection
	GlobalSection(SolutionProperties) = preSolution
		HideSolutionNode = FALSE
	EndGlobalSection
	GlobalSection(ExtensibilityGlobals) = postSolution
		SolutionGuid = {2DA413FD-3F78-44D5-80B4-E1B2D3D0F993}
	EndGlobalSection
EndGlobal
